
Microsoft Visual Studio Solution File, Format Version 12.00
# Visual Studio Version 17
VisualStudioVersion = 17.8.34525.116
MinimumVisualStudioVersion = 10.0.40219.1
Project("{FAE04EC0-301F-11D3-BF4B-00C04F79EFBC}") = "Client", "Client.csproj", "{CCF84384-0D17-4E7D-A24D-1BC42987A0F3}"
EndProject
Project("{FAE04EC0-301F-11D3-BF4B-00C04F79EFBC}") = "Splash_Screen", "..\Splash_Screen\Splash_Screen.csproj", "{9BD340A5-11D4-42D8-B631-66361949C66F}"
EndProject
Project("{FAE04EC0-301F-11D3-BF4B-00C04F79EFBC}") = "Connection_Form", "..\Connection_Form\Connection_Form.csproj", "{3CD6F463-6D69-4737-89DB-3ACF4E1A4013}"
EndProject
Global
	GlobalSection(SolutionConfigurationPlatforms) = preSolution
		Debug|Any CPU = Debug|Any CPU
		Release|Any CPU = Release|Any CPU
	EndGlobalSection
	GlobalSection(ProjectConfigurationPlatforms) = postSolution
		{CCF84384-0D17-4E7D-A24D-1BC42987A0F3}.Debug|Any CPU.ActiveCfg = Debug|Any CPU
		{CCF84384-0D17-4E7D-A24D-1BC42987A0F3}.Debug|Any CPU.Build.0 = Debug|Any CPU
		{CCF84384-0D17-4E7D-A24D-1BC42987A0F3}.Release|Any CPU.ActiveCfg = Release|Any CPU
		{CCF84384-0D17-4E7D-A24D-1BC42987A0F3}.Release|Any CPU.Build.0 = Release|Any CPU
		{9BD340A5-11D4-42D8-B631-66361949C66F}.Debug|Any CPU.ActiveCfg = Debug|Any CPU
		{9BD340A5-11D4-42D8-B631-66361949C66F}.Debug|Any CPU.Build.0 = Debug|Any CPU
		{9BD340A5-11D4-42D8-B631-66361949C66F}.Release|Any CPU.ActiveCfg = Release|Any CPU
		{9BD340A5-11D4-42D8-B631-66361949C66F}.Release|Any CPU.Build.0 = Release|Any CPU
		{3CD6F463-6D69-4737-89DB-3ACF4E1A4013}.Debug|Any CPU.ActiveCfg = Debug|Any CPU
		{3CD6F463-6D69-4737-89DB-3ACF4E1A4013}.Debug|Any CPU.Build.0 = Debug|Any CPU
		{3CD6F463-6D69-4737-89DB-3ACF4E1A4013}.Release|Any CPU.ActiveCfg = Release|Any CPU
		{3CD6F463-6D69-4737-89DB-3ACF4E1A4013}.Release|Any CPU.Build.0 = Release|Any CPU
	EndGlobalSection
	GlobalSection(SolutionProperties) = preSolution
		HideSolutionNode = FALSE
	EndGlobalSection
	GlobalSection(ExtensibilityGlobals) = postSolution
		SolutionGuid = {A370D4A7-5F74-4637-8B6D-62FC1DBEBBB7}
	EndGlobalSection
EndGlobal
